
Microsoft Visual Studio Solution File, Format Version 12.00
# Visual Studio 15
VisualStudioVersion = 15.0.27004.2002
MinimumVisualStudioVersion = 10.0.40219.1
Project("{FAE04EC0-301F-11D3-BF4B-00C04F79EFBC}") = "Pyramid", "Sum13\Pyramid.csproj", "{8EEFBB50-EFF9-4D4F-97A2-C68AB4219BEE}"
EndProject
Global
	GlobalSection(SolutionConfigurationPlatforms) = preSolution
		Debug|Any CPU = Debug|Any CPU
		Release|Any CPU = Release|Any CPU
	EndGlobalSection
	GlobalSection(ProjectConfigurationPlatforms) = postSolution
		{8EEFBB50-EFF9-4D4F-97A2-C68AB4219BEE}.Debug|Any CPU.ActiveCfg = Debug|Any CPU
		{8EEFBB50-EFF9-4D4F-97A2-C68AB4219BEE}.Debug|Any CPU.Build.0 = Debug|Any CPU
		{8EEFBB50-EFF9-4D4F-97A2-C68AB4219BEE}.Release|Any CPU.ActiveCfg = Release|Any CPU
		{8EEFBB50-EFF9-4D4F-97A2-C68AB4219BEE}.Release|Any CPU.Build.0 = Release|Any CPU
	EndGlobalSection
	GlobalSection(SolutionProperties) = preSolution
		HideSolutionNode = FALSE
	EndGlobalSection
	GlobalSection(ExtensibilityGlobals) = postSolution
		SolutionGuid = {25B568F6-F0E3-4A77-AE68-80FF20C37852}
	EndGlobalSection
EndGlobal
